
Microsoft Visual Studio Solution File, Format Version 12.00
# Visual Studio Version 17
VisualStudioVersion = 17.4.33110.190
MinimumVisualStudioVersion = 10.0.40219.1
Project("{FAE04EC0-301F-11D3-BF4B-00C04F79EFBC}") = "UnitTest.APP", "UnitTest.APP\UnitTest.APP.csproj", "{B592D379-F224-4F67-BC45-D9CEAB5D9199}"
EndProject
Project("{FAE04EC0-301F-11D3-BF4B-00C04F79EFBC}") = "XUnitTest.Test", "XUnitTest.Test\XUnitTest.Test.csproj", "{EDFA75FC-67F2-466F-ACFF-ABF980EABF6D}"
EndProject
Global
	GlobalSection(SolutionConfigurationPlatforms) = preSolution
		Debug|Any CPU = Debug|Any CPU
		Release|Any CPU = Release|Any CPU
	EndGlobalSection
	GlobalSection(ProjectConfigurationPlatforms) = postSolution
		{B592D379-F224-4F67-BC45-D9CEAB5D9199}.Debug|Any CPU.ActiveCfg = Debug|Any CPU
		{B592D379-F224-4F67-BC45-D9CEAB5D9199}.Debug|Any CPU.Build.0 = Debug|Any CPU
		{B592D379-F224-4F67-BC45-D9CEAB5D9199}.Release|Any CPU.ActiveCfg = Release|Any CPU
		{B592D379-F224-4F67-BC45-D9CEAB5D9199}.Release|Any CPU.Build.0 = Release|Any CPU
		{EDFA75FC-67F2-466F-ACFF-ABF980EABF6D}.Debug|Any CPU.ActiveCfg = Debug|Any CPU
		{EDFA75FC-67F2-466F-ACFF-ABF980EABF6D}.Debug|Any CPU.Build.0 = Debug|Any CPU
		{EDFA75FC-67F2-466F-ACFF-ABF980EABF6D}.Release|Any CPU.ActiveCfg = Release|Any CPU
		{EDFA75FC-67F2-466F-ACFF-ABF980EABF6D}.Release|Any CPU.Build.0 = Release|Any CPU
	EndGlobalSection
	GlobalSection(SolutionProperties) = preSolution
		HideSolutionNode = FALSE
	EndGlobalSection
	GlobalSection(ExtensibilityGlobals) = postSolution
		SolutionGuid = {3080DE34-8DA3-4419-8FD9-6E9448F2BF6A}
	EndGlobalSection
EndGlobal
